// !$*UTF8*$!
{
	archiveVersion = 1;
	classes = {
	};
	objectVersion = 77;
	objects = {

/* Begin PBXBuildFile section */
		792F172A2F599E5A00CE3759 /* FirebaseAuth in Frameworks */ = {isa = PBXBuildFile; productRef = 792F17292F599E5A00CE3759 /* FirebaseAuth */; };
		792F172C2F599E5A00CE3759 /* FirebaseCore in Frameworks */ = {isa = PBXBuildFile; productRef = 792F172B2F599E5A00CE3759 /* FirebaseCore */; };
		792F172E2F599E5A00CE3759 /* FirebaseDatabase in Frameworks */ = {isa = PBXBuildFile; productRef = 792F172D2F599E5A00CE3759 /* FirebaseDatabase */; };
		792F17302F599E5A00CE3759 /* FirebaseFirestore in Frameworks */ = {isa = PBXBuildFile; productRef = 792F172F2F599E5A00CE3759 /* FirebaseFirestore */; };
		792F17322F599E5A00CE3759 /* FirebaseFunctions in Frameworks */ = {isa = PBXBuildFile; productRef = 792F17312F599E5A00CE3759 /* FirebaseFunctions */; };
		792F17342F599E5A00CE3759 /* FirebaseMessaging in Frameworks */ = {isa = PBXBuildFile; productRef = 792F17332F599E5A00CE3759 /* FirebaseMessaging */; };
		792F17362F599E5A00CE3759 /* FirebaseRemoteConfig in Frameworks */ = {isa = PBXBuildFile; productRef = 792F17352F599E5A00CE3759 /* FirebaseRemoteConfig */; };
		792F17382F599E5A00CE3759 /* FirebaseStorage in Frameworks */ = {isa = PBXBuildFile; productRef = 792F17372F599E5A00CE3759 /* FirebaseStorage */; };
		792F173C2F59AE4F00CE3759 /* GoogleService-Info.plist in Resources */ = {isa = PBXBuildFile; fileRef = 792F173B2F59AE4F00CE3759 /* GoogleService-Info.plist */; };
		792F173D2F59AE4F00CE3759 /* GoogleService-Info.plist in Resources */ = {isa = PBXBuildFile; fileRef = 792F173B2F59AE4F00CE3759 /* GoogleService-Info.plist */; };
		792F173E2F59AE4F00CE3759 /* GoogleService-Info.plist in Resources */ = {isa = PBXBuildFile; fileRef = 792F173B2F59AE4F00CE3759 /* GoogleService-Info.plist */; };
/* End PBXBuildFile section */

/* Begin PBXContainerItemProxy section */
		7961FE4E2F598AC5006DA592 /* PBXContainerItemProxy */ = {
			isa = PBXContainerItemProxy;
			containerPortal = 7961FE342F598AC4006DA592 /* Project object */;
			proxyType = 1;
			remoteGlobalIDString = 7961FE3B2F598AC4006DA592;
			remoteInfo = AegisApp_iOS;
		};
		7961FE582F598AC5006DA592 /* PBXContainerItemProxy */ = {
			isa = PBXContainerItemProxy;
			containerPortal = 7961FE342F598AC4006DA592 /* Project object */;
			proxyType = 1;
			remoteGlobalIDString = 7961FE3B2F598AC4006DA592;
			remoteInfo = AegisApp_iOS;
		};
/* End PBXContainerItemProxy section */

/* Begin PBXFileReference section */
		792F173B2F59AE4F00CE3759 /* GoogleService-Info.plist */ = {isa = PBXFileReference; lastKnownFileType = text.plist.xml; path = "GoogleService-Info.plist"; sourceTree = "<group>"; };
		7961FE3C2F598AC4006DA592 /* AegisApp_iOS.app */ = {isa = PBXFileReference; explicitFileType = wrapper.application; includeInIndex = 0; path = AegisApp_iOS.app; sourceTree = BUILT_PRODUCTS_DIR; };
		7961FE4D2F598AC5006DA592 /* AegisApp_iOSTests.xctest */ = {isa = PBXFileReference; explicitFileType = wrapper.cfbundle; includeInIndex = 0; path = AegisApp_iOSTests.xctest; sourceTree = BUILT_PRODUCTS_DIR; };
		7961FE572F598AC5006DA592 /* AegisApp_iOSUITests.xctest */ = {isa = PBXFileReference; explicitFileType = wrapper.cfbundle; includeInIndex = 0; path = AegisApp_iOSUITests.xctest; sourceTree = BUILT_PRODUCTS_DIR; };
/* End PBXFileReference section */

/* Begin PBXFileSystemSynchronizedBuildFileExceptionSet section */
		7961FE5F2F598AC5006DA592 /* Exceptions for "AegisApp_iOS" folder in "AegisApp_iOS" target */ = {
			isa = PBXFileSystemSynchronizedBuildFileExceptionSet;
			membershipExceptions = (
				Info.plist,
			);
			target = 7961FE3B2F598AC4006DA592 /* AegisApp_iOS */;
		};
/* End PBXFileSystemSynchronizedBuildFileExceptionSet section */

/* Begin PBXFileSystemSynchronizedRootGroup section */
		7961FE3E2F598AC4006DA592 /* AegisApp_iOS */ = {
			isa = PBXFileSystemSynchronizedRootGroup;
			exceptions = (
				7961FE5F2F598AC5006DA592 /* Exceptions for "AegisApp_iOS" folder in "AegisApp_iOS" target */,
			);
			path = AegisApp_iOS;
			sourceTree = "<group>";
		};
		7961FE502F598AC5006DA592 /* AegisApp_iOSTests */ = {
			isa = PBXFileSystemSynchronizedRootGroup;
			path = AegisApp_iOSTests;
			sourceTree = "<group>";
		};
		7961FE5A2F598AC5006DA592 /* AegisApp_iOSUITests */ = {
			isa = PBXFileSystemSynchronizedRootGroup;
			path = AegisApp_iOSUITests;
			sourceTree = "<group>";
		};
/* End PBXFileSystemSynchronizedRootGroup section */

/* Begin PBXFrameworksBuildPhase section */
		7961FE392F598AC4006DA592 /* Frameworks */ = {
			isa = PBXFrameworksBuildPhase;
			buildActionMask = 2147483647;
			files = (
				792F17342F599E5A00CE3759 /* FirebaseMessaging in Frameworks */,
				792F172E2F599E5A00CE3759 /* FirebaseDatabase in Frameworks */,
				792F17302F599E5A00CE3759 /* FirebaseFirestore in Frameworks */,
				792F17362F599E5A00CE3759 /* FirebaseRemoteConfig in Frameworks */,
				792F17322F599E5A00CE3759 /* FirebaseFunctions in Frameworks */,
				792F17382F599E5A00CE3759 /* FirebaseStorage in Frameworks */,
				792F172C2F599E5A00CE3759 /* FirebaseCore in Frameworks */,
				792F172A2F599E5A00CE3759 /* FirebaseAuth in Frameworks */,
			);
			runOnlyForDeploymentPostprocessing = 0;
		};
		7961FE4A2F598AC5006DA592 /* Frameworks */ = {
			isa = PBXFrameworksBuildPhase;
			buildActionMask = 2147483647;
			files = (
			);
			runOnlyForDeploymentPostprocessing = 0;
		};
		7961FE542F598AC5006DA592 /* Frameworks */ = {
			isa = PBXFrameworksBuildPhase;
			buildActionMask = 2147483647;
			files = (
			);
			runOnlyForDeploymentPostprocessing = 0;
		};
/* End PBXFrameworksBuildPhase section */

/* Begin PBXGroup section */
		7961FE332F598AC4006DA592 = {
			isa = PBXGroup;
			children = (
				7961FE3E2F598AC4006DA592 /* AegisApp_iOS */,
				7961FE502F598AC5006DA592 /* AegisApp_iOSTests */,
				7961FE5A2F598AC5006DA592 /* AegisApp_iOSUITests */,
				7961FE3D2F598AC4006DA592 /* Products */,
				792F173B2F59AE4F00CE3759 /* GoogleService-Info.plist */,
			);
			sourceTree = "<group>";
		};
		7961FE3D2F598AC4006DA592 /* Products */ = {
			isa = PBXGroup;
			children = (
				7961FE3C2F598AC4006DA592 /* AegisApp_iOS.app */,
				7961FE4D2F598AC5006DA592 /* AegisApp_iOSTests.xctest */,
				7961FE572F598AC5006DA592 /* AegisApp_iOSUITests.xctest */,
			);
			name = Products;
			sourceTree = "<group>";
		};
/* End PBXGroup section */

/* Begin PBXNativeTarget section */
		7961FE3B2F598AC4006DA592 /* AegisApp_iOS */ = {
			isa = PBXNativeTarget;
			buildConfigurationList = 7961FE602F598AC5006DA592 /* Build configuration list for PBXNativeTarget "AegisApp_iOS" */;
			buildPhases = (
				7961FE382F598AC4006DA592 /* Sources */,
				7961FE392F598AC4006DA592 /* Frameworks */,
				7961FE3A2F598AC4006DA592 /* Resources */,
			);
			buildRules = (
			);
			dependencies = (
			);
			fileSystemSynchronizedGroups = (
				7961FE3E2F598AC4006DA592 /* AegisApp_iOS */,
			);
			name = AegisApp_iOS;
			packageProductDependencies = (
				792F17292F599E5A00CE3759 /* FirebaseAuth */,
				792F172B2F599E5A00CE3759 /* FirebaseCore */,
				792F172D2F599E5A00CE3759 /* FirebaseDatabase */,
				792F172F2F599E5A00CE3759 /* FirebaseFirestore */,
				792F17312F599E5A00CE3759 /* FirebaseFunctions */,
				792F17332F599E5A00CE3759 /* FirebaseMessaging */,
				792F17352F599E5A00CE3759 /* FirebaseRemoteConfig */,
				792F17372F599E5A00CE3759 /* FirebaseStorage */,
			);
			productName = AegisApp_iOS;
			productReference = 7961FE3C2F598AC4006DA592 /* AegisApp_iOS.app */;
			productType = "com.apple.product-type.application";
		};
		7961FE4C2F598AC5006DA592 /* AegisApp_iOSTests */ = {
			isa = PBXNativeTarget;
			buildConfigurationList = 7961FE652F598AC5006DA592 /* Build configuration list for PBXNativeTarget "AegisApp_iOSTests" */;
			buildPhases = (
				7961FE492F598AC5006DA592 /* Sources */,
				7961FE4A2F598AC5006DA592 /* Frameworks */,
				7961FE4B2F598AC5006DA592 /* Resources */,
			);
			buildRules = (
			);
			dependencies = (
				7961FE4F2F598AC5006DA592 /* PBXTargetDependency */,
			);
			fileSystemSynchronizedGroups = (
				7961FE502F598AC5006DA592 /* AegisApp_iOSTests */,
			);
			name = AegisApp_iOSTests;
			packageProductDependencies = (
			);
			productName = AegisApp_iOSTests;
			productReference = 7961FE4D2F598AC5006DA592 /* AegisApp_iOSTests.xctest */;
			productType = "com.apple.product-type.bundle.unit-test";
		};
		7961FE562F598AC5006DA592 /* AegisApp_iOSUITests */ = {
			isa = PBXNativeTarget;
			buildConfigurationList = 7961FE682F598AC5006DA592 /* Build configuration list for PBXNativeTarget "AegisApp_iOSUITests" */;
			buildPhases = (
				7961FE532F598AC5006DA592 /* Sources */,
				7961FE542F598AC5006DA592 /* Frameworks */,
				7961FE552F598AC5006DA592 /* Resources */,
			);
			buildRules = (
			);
			dependencies = (
				7961FE592F598AC5006DA592 /* PBXTargetDependency */,
			);
			fileSystemSynchronizedGroups = (
				7961FE5A2F598AC5006DA592 /* AegisApp_iOSUITests */,
			);
			name = AegisApp_iOSUITests;
			packageProductDependencies = (
			);
			productName = AegisApp_iOSUITests;
			productReference = 7961FE572F598AC5006DA592 /* AegisApp_iOSUITests.xctest */;
			productType = "com.apple.product-type.bundle.ui-testing";
		};
/* End PBXNativeTarget section */

/* Begin PBXProject section */
		7961FE342F598AC4006DA592 /* Project object */ = {
			isa = PBXProject;
			attributes = {
				BuildIndependentTargetsInParallel = 1;
				LastSwiftUpdateCheck = 2620;
				LastUpgradeCheck = 2620;
				TargetAttributes = {
					7961FE3B2F598AC4006DA592 = {
						CreatedOnToolsVersion = 26.2;
					};
					7961FE4C2F598AC5006DA592 = {
						CreatedOnToolsVersion = 26.2;
						TestTargetID = 7961FE3B2F598AC4006DA592;
					};
					7961FE562F598AC5006DA592 = {
						CreatedOnToolsVersion = 26.2;
						TestTargetID = 7961FE3B2F598AC4006DA592;
					};
				};
			};
			buildConfigurationList = 7961FE372F598AC4006DA592 /* Build configuration list for PBXProject "AegisApp_iOS" */;
			developmentRegion = en;
			hasScannedForEncodings = 0;
			knownRegions = (
				en,
				Base,
			);
			mainGroup = 7961FE332F598AC4006DA592;
			minimizedProjectReferenceProxies = 1;
			packageReferences = (
				792F17282F599E5A00CE3759 /* XCRemoteSwiftPackageReference "firebase-ios-sdk" */,
			);
			preferredProjectObjectVersion = 77;
			productRefGroup = 7961FE3D2F598AC4006DA592 /* Products */;
			projectDirPath = "";
			projectRoot = "";
			targets = (
				7961FE3B2F598AC4006DA592 /* AegisApp_iOS */,
				7961FE4C2F598AC5006DA592 /* AegisApp_iOSTests */,
				7961FE562F598AC5006DA592 /* AegisApp_iOSUITests */,
			);
		};
/* End PBXProject section */

/* Begin PBXResourcesBuildPhase section */
		7961FE3A2F598AC4006DA592 /* Resources */ = {
			isa = PBXResourcesBuildPhase;
			buildActionMask = 2147483647;
			files = (
				792F173D2F59AE4F00CE3759 /* GoogleService-Info.plist in Resources */,
			);
			runOnlyForDeploymentPostprocessing = 0;
		};
		7961FE4B2F598AC5006DA592 /* Resources */ = {
			isa = PBXResourcesBuildPhase;
			buildActionMask = 2147483647;
			files = (
				792F173C2F59AE4F00CE3759 /* GoogleService-Info.plist in Resources */,
			);
			runOnlyForDeploymentPostprocessing = 0;
		};
		7961FE552F598AC5006DA592 /* Resources */ = {
			isa = PBXResourcesBuildPhase;
			buildActionMask = 2147483647;
			files = (
				792F173E2F59AE4F00CE3759 /* GoogleService-Info.plist in Resources */,
			);
			runOnlyForDeploymentPostprocessing = 0;
		};
/* End PBXResourcesBuildPhase section */

/* Begin PBXSourcesBuildPhase section */
		7961FE382F598AC4006DA592 /* Sources */ = {
			isa = PBXSourcesBuildPhase;
			buildActionMask = 2147483647;
			files = (
			);
			runOnlyForDeploymentPostprocessing = 0;
		};
		7961FE492F598AC5006DA592 /* Sources */ = {
			isa = PBXSourcesBuildPhase;
			buildActionMask = 2147483647;
			files = (
			);
			runOnlyForDeploymentPostprocessing = 0;
		};
		7961FE532F598AC5006DA592 /* Sources */ = {
			isa = PBXSourcesBuildPhase;
			buildActionMask = 2147483647;
			files = (
			);
			runOnlyForDeploymentPostprocessing = 0;
		};
/* End PBXSourcesBuildPhase section */

/* Begin PBXTargetDependency section */
		7961FE4F2F598AC5006DA592 /* PBXTargetDependency */ = {
			isa = PBXTargetDependency;
			target = 7961FE3B2F598AC4006DA592 /* AegisApp_iOS */;
			targetProxy = 7961FE4E2F598AC5006DA592 /* PBXContainerItemProxy */;
		};
		7961FE592F598AC5006DA592 /* PBXTargetDependency */ = {
			isa = PBXTargetDependency;
			target = 7961FE3B2F598AC4006DA592 /* AegisApp_iOS */;
			targetProxy = 7961FE582F598AC5006DA592 /* PBXContainerItemProxy */;
		};
/* End PBXTargetDependency section */

/* Begin XCBuildConfiguration section */
		7961FE612F598AC5006DA592 /* Debug */ = {
			isa = XCBuildConfiguration;
			buildSettings = {
				ASSETCATALOG_COMPILER_APPICON_NAME = AppIcon;
				ASSETCATALOG_COMPILER_GLOBAL_ACCENT_COLOR_NAME = AccentColor;
				CODE_SIGN_ENTITLEMENTS = AegisApp_iOS/AegisApp_iOS.entitlements;
				CODE_SIGN_STYLE = Automatic;
				CURRENT_PROJECT_VERSION = 1;
				DEVELOPMENT_TEAM = 5563XVNZ59;
				ENABLE_PREVIEWS = YES;
				GENERATE_INFOPLIST_FILE = YES;
				INFOPLIST_FILE = AegisApp_iOS/Info.plist;
				INFOPLIST_KEY_UIApplicationSceneManifest_Generation = YES;
				INFOPLIST_KEY_UIApplicationSupportsIndirectInputEvents = YES;
				INFOPLIST_KEY_UILaunchScreen_Generation = YES;
				INFOPLIST_KEY_UISupportedInterfaceOrientations_iPad = "UIInterfaceOrientationPortrait UIInterfaceOrientationPortraitUpsideDown UIInterfaceOrientationLandscapeLeft UIInterfaceOrientationLandscapeRight";
				INFOPLIST_KEY_UISupportedInterfaceOrientations_iPhone = "UIInterfaceOrientationPortrait UIInterfaceOrientationLandscapeLeft UIInterfaceOrientationLandscapeRight";
				LD_RUNPATH_SEARCH_PATHS = (
					"$(inherited)",
					"@executable_path/Frameworks",
				);
				MARKETING_VERSION = 1.0;
				PRODUCT_BUNDLE_IDENTIFIER = "in.projectalpha.AegisApp-iOS";
				PRODUCT_NAME = "$(TARGET_NAME)";
				STRING_CATALOG_GENERATE_SYMBOLS = YES;
				SWIFT_APPROACHABLE_CONCURRENCY = YES;
				SWIFT_DEFAULT_ACTOR_ISOLATION = MainActor;
				SWIFT_EMIT_LOC_STRINGS = YES;
				SWIFT_UPCOMING_FEATURE_MEMBER_IMPORT_VISIBILITY = YES;
				SWIFT_VERSION = 5.0;
				TARGETED_DEVICE_FAMILY = "1,2";
			};
			name = Debug;
		};
		7961FE622F598AC5006DA592 /* Release */ = {
			isa = XCBuildConfiguration;
			buildSettings = {
				ASSETCATALOG_COMPILER_APPICON_NAME = AppIcon;
				ASSETCATALOG_COMPILER_GLOBAL_ACCENT_COLOR_NAME = AccentColor;
				CODE_SIGN_ENTITLEMENTS = AegisApp_iOS/AegisApp_iOS.entitlements;
				CODE_SIGN_STYLE = Automatic;
				CURRENT_PROJECT_VERSION = 1;
				DEVELOPMENT_TEAM = 5563XVNZ59;
				ENABLE_PREVIEWS = YES;
				GENERATE_INFOPLIST_FILE = YES;
				INFOPLIST_FILE = AegisApp_iOS/Info.plist;
				INFOPLIST_KEY_UIApplicationSceneManifest_Generation = YES;
				INFOPLIST_KEY_UIApplicationSupportsIndirectInputEvents = YES;
				INFOPLIST_KEY_UILaunchScreen_Generation = YES;
				INFOPLIST_KEY_UISupportedInterfaceOrientations_iPad = "UIInterfaceOrientationPortrait UIInterfaceOrientationPortraitUpsideDown UIInterfaceOrientationLandscapeLeft UIInterfaceOrientationLandscapeRight";
				INFOPLIST_KEY_UISupportedInterfaceOrientations_iPhone = "UIInterfaceOrientationPortrait UIInterfaceOrientationLandscapeLeft UIInterfaceOrientationLandscapeRight";
				LD_RUNPATH_SEARCH_PATHS = (
					"$(inherited)",
					"@executable_path/Frameworks",
				);
				MARKETING_VERSION = 1.0;
				PRODUCT_BUNDLE_IDENTIFIER = "in.projectalpha.AegisApp-iOS";
				PRODUCT_NAME = "$(TARGET_NAME)";
				STRING_CATALOG_GENERATE_SYMBOLS = YES;
				SWIFT_APPROACHABLE_CONCURRENCY = YES;
				SWIFT_DEFAULT_ACTOR_ISOLATION = MainActor;
				SWIFT_EMIT_LOC_STRINGS = YES;
				SWIFT_UPCOMING_FEATURE_MEMBER_IMPORT_VISIBILITY = YES;
				SWIFT_VERSION = 5.0;
				TARGETED_DEVICE_FAMILY = "1,2";
			};
			name = Release;
		};
		7961FE632F598AC5006DA592 /* Debug */ = {
			isa = XCBuildConfiguration;
			buildSettings = {
				ALWAYS_SEARCH_USER_PATHS = NO;
				ASSETCATALOG_COMPILER_GENERATE_SWIFT_ASSET_SYMBOL_EXTENSIONS = YES;
				CLANG_ANALYZER_NONNULL = YES;
				CLANG_ANALYZER_NUMBER_OBJECT_CONVERSION = YES_AGGRESSIVE;
				CLANG_CXX_LANGUAGE_STANDARD = "gnu++20";
				CLANG_ENABLE_MODULES = YES;
				CLANG_ENABLE_OBJC_ARC = YES;
				CLANG_ENABLE_OBJC_WEAK = YES;
				CLANG_WARN_BLOCK_CAPTURE_AUTORELEASING = YES;
				CLANG_WARN_BOOL_CONVERSION = YES;
				CLANG_WARN_COMMA = YES;
				CLANG_WARN_CONSTANT_CONVERSION = YES;
				CLANG_WARN_DEPRECATED_OBJC_IMPLEMENTATIONS = YES;
				CLANG_WARN_DIRECT_OBJC_ISA_USAGE = YES_ERROR;
				CLANG_WARN_DOCUMENTATION_COMMENTS = YES;
				CLANG_WARN_EMPTY_BODY = YES;
				CLANG_WARN_ENUM_CONVERSION = YES;
				CLANG_WARN_INFINITE_RECURSION = YES;
				CLANG_WARN_INT_CONVERSION = YES;
				CLANG_WARN_NON_LITERAL_NULL_CONVERSION = YES;
				CLANG_WARN_OBJC_IMPLICIT_RETAIN_SELF = YES;
				CLANG_WARN_OBJC_LITERAL_CONVERSION = YES;
				CLANG_WARN_OBJC_ROOT_CLASS = YES_ERROR;
				CLANG_WARN_QUOTED_INCLUDE_IN_FRAMEWORK_HEADER = YES;
				CLANG_WARN_RANGE_LOOP_ANALYSIS = YES;
				CLANG_WARN_STRICT_PROTOTYPES = YES;
				CLANG_WARN_SUSPICIOUS_MOVE = YES;
				CLANG_WARN_UNGUARDED_AVAILABILITY = YES_AGGRESSIVE;
				CLANG_WARN_UNREACHABLE_CODE = YES;
				CLANG_WARN__DUPLICATE_METHOD_MATCH = YES;
				COPY_PHASE_STRIP = NO;
				DEBUG_INFORMATION_FORMAT = dwarf;
				DEVELOPMENT_TEAM = 5563XVNZ59;
				ENABLE_STRICT_OBJC_MSGSEND = YES;
				ENABLE_TESTABILITY = YES;
				ENABLE_USER_SCRIPT_SANDBOXING = YES;
				GCC_C_LANGUAGE_STANDARD = gnu17;
				GCC_DYNAMIC_NO_PIC = NO;
				GCC_NO_COMMON_BLOCKS = YES;
				GCC_OPTIMIZATION_LEVEL = 0;
				GCC_PREPROCESSOR_DEFINITIONS = (
					"DEBUG=1",
					"$(inherited)",
				);
				GCC_WARN_64_TO_32_BIT_CONVERSION = YES;
				GCC_WARN_ABOUT_RETURN_TYPE = YES_ERROR;
				GCC_WARN_UNDECLARED_SELECTOR = YES;
				GCC_WARN_UNINITIALIZED_AUTOS = YES_AGGRESSIVE;
				GCC_WARN_UNUSED_FUNCTION = YES;
				GCC_WARN_UNUSED_VARIABLE = YES;
				IPHONEOS_DEPLOYMENT_TARGET = 26.2;
				LOCALIZATION_PREFERS_STRING_CATALOGS = YES;
				MTL_ENABLE_DEBUG_INFO = INCLUDE_SOURCE;
				MTL_FAST_MATH = YES;
				ONLY_ACTIVE_ARCH = YES;
				SDKROOT = iphoneos;
				SWIFT_ACTIVE_COMPILATION_CONDITIONS = "DEBUG $(inherited)";
				SWIFT_OPTIMIZATION_LEVEL = "-Onone";
			};
			name = Debug;
		};
		7961FE642F598AC5006DA592 /* Release */ = {
			isa = XCBuildConfiguration;
			buildSettings = {
				ALWAYS_SEARCH_USER_PATHS = NO;
				ASSETCATALOG_COMPILER_GENERATE_SWIFT_ASSET_SYMBOL_EXTENSIONS = YES;
				CLANG_ANALYZER_NONNULL = YES;
				CLANG_ANALYZER_NUMBER_OBJECT_CONVERSION = YES_AGGRESSIVE;
				CLANG_CXX_LANGUAGE_STANDARD = "gnu++20";
				CLANG_ENABLE_MODULES = YES;
				CLANG_ENABLE_OBJC_ARC = YES;
				CLANG_ENABLE_OBJC_WEAK = YES;
				CLANG_WARN_BLOCK_CAPTURE_AUTORELEASING = YES;
				CLANG_WARN_BOOL_CONVERSION = YES;
				CLANG_WARN_COMMA = YES;
				CLANG_WARN_CONSTANT_CONVERSION = YES;
				CLANG_WARN_DEPRECATED_OBJC_IMPLEMENTATIONS = YES;
				CLANG_WARN_DIRECT_OBJC_ISA_USAGE = YES_ERROR;
				CLANG_WARN_DOCUMENTATION_COMMENTS = YES;
				CLANG_WARN_EMPTY_BODY = YES;
				CLANG_WARN_ENUM_CONVERSION = YES;
				CLANG_WARN_INFINITE_RECURSION = YES;
				CLANG_WARN_INT_CONVERSION = YES;
				CLANG_WARN_NON_LITERAL_NULL_CONVERSION = YES;
				CLANG_WARN_OBJC_IMPLICIT_RETAIN_SELF = YES;
				CLANG_WARN_OBJC_LITERAL_CONVERSION = YES;
				CLANG_WARN_OBJC_ROOT_CLASS = YES_ERROR;
				CLANG_WARN_QUOTED_INCLUDE_IN_FRAMEWORK_HEADER = YES;
				CLANG_WARN_RANGE_LOOP_ANALYSIS = YES;
				CLANG_WARN_STRICT_PROTOTYPES = YES;
				CLANG_WARN_SUSPICIOUS_MOVE = YES;
				CLANG_WARN_UNGUARDED_AVAILABILITY = YES_AGGRESSIVE;
				CLANG_WARN_UNREACHABLE_CODE = YES;
				CLANG_WARN__DUPLICATE_METHOD_MATCH = YES;
				COPY_PHASE_STRIP = NO;
				DEBUG_INFORMATION_FORMAT = "dwarf-with-dsym";
				DEVELOPMENT_TEAM = 5563XVNZ59;
				ENABLE_NS_ASSERTIONS = NO;
				ENABLE_STRICT_OBJC_MSGSEND = YES;
				ENABLE_USER_SCRIPT_SANDBOXING = YES;
				GCC_C_LANGUAGE_STANDARD = gnu17;
				GCC_NO_COMMON_BLOCKS = YES;
				GCC_WARN_64_TO_32_BIT_CONVERSION = YES;
				GCC_WARN_ABOUT_RETURN_TYPE = YES_ERROR;
				GCC_WARN_UNDECLARED_SELECTOR = YES;
				GCC_WARN_UNINITIALIZED_AUTOS = YES_AGGRESSIVE;
				GCC_WARN_UNUSED_FUNCTION = YES;
				GCC_WARN_UNUSED_VARIABLE = YES;
				IPHONEOS_DEPLOYMENT_TARGET = 26.2;
				LOCALIZATION_PREFERS_STRING_CATALOGS = YES;
				MTL_ENABLE_DEBUG_INFO = NO;
				MTL_FAST_MATH = YES;
				SDKROOT = iphoneos;
				SWIFT_COMPILATION_MODE = wholemodule;
				VALIDATE_PRODUCT = YES;
			};
			name = Release;
		};
		7961FE662F598AC5006DA592 /* Debug */ = {
			isa = XCBuildConfiguration;
			buildSettings = {
				BUNDLE_LOADER = "$(TEST_HOST)";
				CODE_SIGN_STYLE = Automatic;
				CURRENT_PROJECT_VERSION = 1;
				DEVELOPMENT_TEAM = 5563XVNZ59;
				GENERATE_INFOPLIST_FILE = YES;
				IPHONEOS_DEPLOYMENT_TARGET = 26.2;
				MARKETING_VERSION = 1.0;
				PRODUCT_BUNDLE_IDENTIFIER = "in.projectalpha.AegisApp-iOSTests";
				PRODUCT_NAME = "$(TARGET_NAME)";
				STRING_CATALOG_GENERATE_SYMBOLS = NO;
				SWIFT_APPROACHABLE_CONCURRENCY = YES;
				SWIFT_EMIT_LOC_STRINGS = NO;
				SWIFT_UPCOMING_FEATURE_MEMBER_IMPORT_VISIBILITY = YES;
				SWIFT_VERSION = 5.0;
				TARGETED_DEVICE_FAMILY = "1,2";
				TEST_HOST = "$(BUILT_PRODUCTS_DIR)/AegisApp_iOS.app/$(BUNDLE_EXECUTABLE_FOLDER_PATH)/AegisApp_iOS";
			};
			name = Debug;
		};
		7961FE672F598AC5006DA592 /* Release */ = {
			isa = XCBuildConfiguration;
			buildSettings = {
				BUNDLE_LOADER = "$(TEST_HOST)";
				CODE_SIGN_STYLE = Automatic;
				CURRENT_PROJECT_VERSION = 1;
				DEVELOPMENT_TEAM = 5563XVNZ59;
				GENERATE_INFOPLIST_FILE = YES;
				IPHONEOS_DEPLOYMENT_TARGET = 26.2;
				MARKETING_VERSION = 1.0;
				PRODUCT_BUNDLE_IDENTIFIER = "in.projectalpha.AegisApp-iOSTests";
				PRODUCT_NAME = "$(TARGET_NAME)";
				STRING_CATALOG_GENERATE_SYMBOLS = NO;
				SWIFT_APPROACHABLE_CONCURRENCY = YES;
				SWIFT_EMIT_LOC_STRINGS = NO;
				SWIFT_UPCOMING_FEATURE_MEMBER_IMPORT_VISIBILITY = YES;
				SWIFT_VERSION = 5.0;
				TARGETED_DEVICE_FAMILY = "1,2";
				TEST_HOST = "$(BUILT_PRODUCTS_DIR)/AegisApp_iOS.app/$(BUNDLE_EXECUTABLE_FOLDER_PATH)/AegisApp_iOS";
			};
			name = Release;
		};
		7961FE692F598AC5006DA592 /* Debug */ = {
			isa = XCBuildConfiguration;
			buildSettings = {
				CODE_SIGN_STYLE = Automatic;
				CURRENT_PROJECT_VERSION = 1;
				DEVELOPMENT_TEAM = 5563XVNZ59;
				GENERATE_INFOPLIST_FILE = YES;
				MARKETING_VERSION = 1.0;
				PRODUCT_BUNDLE_IDENTIFIER = "in.projectalpha.AegisApp-iOSUITests";
				PRODUCT_NAME = "$(TARGET_NAME)";
				STRING_CATALOG_GENERATE_SYMBOLS = NO;
				SWIFT_APPROACHABLE_CONCURRENCY = YES;
				SWIFT_EMIT_LOC_STRINGS = NO;
				SWIFT_UPCOMING_FEATURE_MEMBER_IMPORT_VISIBILITY = YES;
				SWIFT_VERSION = 5.0;
				TARGETED_DEVICE_FAMILY = "1,2";
				TEST_TARGET_NAME = AegisApp_iOS;
			};
			name = Debug;
		};
		7961FE6A2F598AC5006DA592 /* Release */ = {
			isa = XCBuildConfiguration;
			buildSettings = {
				CODE_SIGN_STYLE = Automatic;
				CURRENT_PROJECT_VERSION = 1;
				DEVELOPMENT_TEAM = 5563XVNZ59;
				GENERATE_INFOPLIST_FILE = YES;
				MARKETING_VERSION = 1.0;
				PRODUCT_BUNDLE_IDENTIFIER = "in.projectalpha.AegisApp-iOSUITests";
				PRODUCT_NAME = "$(TARGET_NAME)";
				STRING_CATALOG_GENERATE_SYMBOLS = NO;
				SWIFT_APPROACHABLE_CONCURRENCY = YES;
				SWIFT_EMIT_LOC_STRINGS = NO;
				SWIFT_UPCOMING_FEATURE_MEMBER_IMPORT_VISIBILITY = YES;
				SWIFT_VERSION = 5.0;
				TARGETED_DEVICE_FAMILY = "1,2";
				TEST_TARGET_NAME = AegisApp_iOS;
			};
			name = Release;
		};
/* End XCBuildConfiguration section */

/* Begin XCConfigurationList section */
		7961FE372F598AC4006DA592 /* Build configuration list for PBXProject "AegisApp_iOS" */ = {
			isa = XCConfigurationList;
			buildConfigurations = (
				7961FE632F598AC5006DA592 /* Debug */,
				7961FE642F598AC5006DA592 /* Release */,
			);
			defaultConfigurationIsVisible = 0;
			defaultConfigurationName = Release;
		};
		7961FE602F598AC5006DA592 /* Build configuration list for PBXNativeTarget "AegisApp_iOS" */ = {
			isa = XCConfigurationList;
			buildConfigurations = (
				7961FE612F598AC5006DA592 /* Debug */,
				7961FE622F598AC5006DA592 /* Release */,
			);
			defaultConfigurationIsVisible = 0;
			defaultConfigurationName = Release;
		};
		7961FE652F598AC5006DA592 /* Build configuration list for PBXNativeTarget "AegisApp_iOSTests" */ = {
			isa = XCConfigurationList;
			buildConfigurations = (
				7961FE662F598AC5006DA592 /* Debug */,
				7961FE672F598AC5006DA592 /* Release */,
			);
			defaultConfigurationIsVisible = 0;
			defaultConfigurationName = Release;
		};
		7961FE682F598AC5006DA592 /* Build configuration list for PBXNativeTarget "AegisApp_iOSUITests" */ = {
			isa = XCConfigurationList;
			buildConfigurations = (
				7961FE692F598AC5006DA592 /* Debug */,
				7961FE6A2F598AC5006DA592 /* Release */,
			);
			defaultConfigurationIsVisible = 0;
			defaultConfigurationName = Release;
		};
/* End XCConfigurationList section */

/* Begin XCRemoteSwiftPackageReference section */
		792F17282F599E5A00CE3759 /* XCRemoteSwiftPackageReference "firebase-ios-sdk" */ = {
			isa = XCRemoteSwiftPackageReference;
			repositoryURL = "https://github.com/firebase/firebase-ios-sdk";
			requirement = {
				kind = upToNextMajorVersion;
				minimumVersion = 12.10.0;
			};
		};
/* End XCRemoteSwiftPackageReference section */

/* Begin XCSwiftPackageProductDependency section */
		792F17292F599E5A00CE3759 /* FirebaseAuth */ = {
			isa = XCSwiftPackageProductDependency;
			package = 792F17282F599E5A00CE3759 /* XCRemoteSwiftPackageReference "firebase-ios-sdk" */;
			productName = FirebaseAuth;
		};
		792F172B2F599E5A00CE3759 /* FirebaseCore */ = {
			isa = XCSwiftPackageProductDependency;
			package = 792F17282F599E5A00CE3759 /* XCRemoteSwiftPackageReference "firebase-ios-sdk" */;
			productName = FirebaseCore;
		};
		792F172D2F599E5A00CE3759 /* FirebaseDatabase */ = {
			isa = XCSwiftPackageProductDependency;
			package = 792F17282F599E5A00CE3759 /* XCRemoteSwiftPackageReference "firebase-ios-sdk" */;
			productName = FirebaseDatabase;
		};
		792F172F2F599E5A00CE3759 /* FirebaseFirestore */ = {
			isa = XCSwiftPackageProductDependency;
			package = 792F17282F599E5A00CE3759 /* XCRemoteSwiftPackageReference "firebase-ios-sdk" */;
			productName = FirebaseFirestore;
		};
		792F17312F599E5A00CE3759 /* FirebaseFunctions */ = {
			isa = XCSwiftPackageProductDependency;
			package = 792F17282F599E5A00CE3759 /* XCRemoteSwiftPackageReference "firebase-ios-sdk" */;
			productName = FirebaseFunctions;
		};
		792F17332F599E5A00CE3759 /* FirebaseMessaging */ = {
			isa = XCSwiftPackageProductDependency;
			package = 792F17282F599E5A00CE3759 /* XCRemoteSwiftPackageReference "firebase-ios-sdk" */;
			productName = FirebaseMessaging;
		};
		792F17352F599E5A00CE3759 /* FirebaseRemoteConfig */ = {
			isa = XCSwiftPackageProductDependency;
			package = 792F17282F599E5A00CE3759 /* XCRemoteSwiftPackageReference "firebase-ios-sdk" */;
			productName = FirebaseRemoteConfig;
		};
		792F17372F599E5A00CE3759 /* FirebaseStorage */ = {
			isa = XCSwiftPackageProductDependency;
			package = 792F17282F599E5A00CE3759 /* XCRemoteSwiftPackageReference "firebase-ios-sdk" */;
			productName = FirebaseStorage;
		};
/* End XCSwiftPackageProductDependency section */
	};
	rootObject = 7961FE342F598AC4006DA592 /* Project object */;
}
